// !$*UTF8*$!
{
	archiveVersion = 1;
	classes = {
	};
	objectVersion = 45;
	objects = {

/* Begin PBXBuildFile section */
		1D60589B0D05DD56006BFB54 /* main.m in Sources */ = {isa = PBXBuildFile; fileRef = 29B97316FDCFA39411CA2CEA /* main.m */; };
		1D60589F0D05DD5A006BFB54 /* Foundation.framework in Frameworks */ = {isa = PBXBuildFile; fileRef = 1D30AB110D05D00D00671497 /* Foundation.framework */; };
		1DF5F4E00D08C38300B7A737 /* UIKit.framework in Frameworks */ = {isa = PBXBuildFile; fileRef = 1DF5F4DF0D08C38300B7A737 /* UIKit.framework */; };
		2504A2761736A31E009D8C54 /* Bee_TabbarItemTmpl.m in Sources */ = {isa = PBXBuildFile; fileRef = 2504A2751736A31E009D8C54 /* Bee_TabbarItemTmpl.m */; };
		2504A27A1736B01D009D8C54 /* Bee_TabbarItem1.m in Sources */ = {isa = PBXBuildFile; fileRef = 2504A2791736B01D009D8C54 /* Bee_TabbarItem1.m */; };
		25327ED9162EFDA4001543A5 /* config.json in Resources */ = {isa = PBXBuildFile; fileRef = 25327ED8162EFDA4001543A5 /* config.json */; };
		25327EDD162F0100001543A5 /* MainWindow.xib in Resources */ = {isa = PBXBuildFile; fileRef = 25327EDB162F0100001543A5 /* MainWindow.xib */; };
		25D0F2BA183FB97600BD933E /* MyTab2ViewController.m in Sources */ = {isa = PBXBuildFile; fileRef = 25D0F2B9183FB97600BD933E /* MyTab2ViewController.m */; };
		2892E4100DC94CBA00A64D0F /* CoreGraphics.framework in Frameworks */ = {isa = PBXBuildFile; fileRef = 2892E40F0DC94CBA00A64D0F /* CoreGraphics.framework */; };
		28C286E10D94DF7D0034E888 /* RootViewController.m in Sources */ = {isa = PBXBuildFile; fileRef = 28C286E00D94DF7D0034E888 /* RootViewController.m */; };
		5D10605D173261AA009A4C7B /* JSONKit.m in Sources */ = {isa = PBXBuildFile; fileRef = 5D10605C173261AA009A4C7B /* JSONKit.m */; settings = {COMPILER_FLAGS = "-fno-objc-arc"; }; };
		5D10605F173350C2009A4C7B /* xiangqu.bundle in Resources */ = {isa = PBXBuildFile; fileRef = 5D10605E173350C2009A4C7B /* xiangqu.bundle */; };
		5D10606117339371009A4C7B /* README.md in Resources */ = {isa = PBXBuildFile; fileRef = 5D10606017339371009A4C7B /* README.md */; };
		5D47FAA31737A00100A4EB45 /* finiance1.bundle in Resources */ = {isa = PBXBuildFile; fileRef = 5D47FAA21737A00000A4EB45 /* finiance1.bundle */; };
		5D492D81162E539900EB6CE8 /* CustomTabBar.bundle in Resources */ = {isa = PBXBuildFile; fileRef = 5D492D7B162E539900EB6CE8 /* CustomTabBar.bundle */; };
		5D492D84162E539900EB6CE8 /* CustomTabBarViewController.m in Sources */ = {isa = PBXBuildFile; fileRef = 5D492D80162E539900EB6CE8 /* CustomTabBarViewController.m */; };
		5D492DAA162E5A9800EB6CE8 /* sssViewController.m in Sources */ = {isa = PBXBuildFile; fileRef = 5D492DA8162E5A9800EB6CE8 /* sssViewController.m */; };
		5D492DAB162E5A9800EB6CE8 /* sssViewController.xib in Resources */ = {isa = PBXBuildFile; fileRef = 5D492DA9162E5A9800EB6CE8 /* sssViewController.xib */; };
		5D492DAE162E856800EB6CE8 /* Default-568h@2x.png in Resources */ = {isa = PBXBuildFile; fileRef = 5D492DAD162E856800EB6CE8 /* Default-568h@2x.png */; };
		7E19D41311D189F4000002E9 /* iTunesArtwork in Resources */ = {isa = PBXBuildFile; fileRef = 7E19D41211D189F4000002E9 /* iTunesArtwork */; };
		7E4A142A11ADA0AA004BA0B1 /* EventKit.framework in Frameworks */ = {isa = PBXBuildFile; fileRef = 7E4A142911ADA0AA004BA0B1 /* EventKit.framework */; };
		7E4A142C11ADA0B1004BA0B1 /* EventKitUI.framework in Frameworks */ = {isa = PBXBuildFile; fileRef = 7E4A142B11ADA0B1004BA0B1 /* EventKitUI.framework */; };
		7E8EE7E41194B0D70073914C /* SimpleEKDemoAppDelegate.m in Sources */ = {isa = PBXBuildFile; fileRef = 7E8EE7E21194B0D70073914C /* SimpleEKDemoAppDelegate.m */; };
		7E8EEA9B1195EFF40073914C /* ReadMe.txt in Resources */ = {isa = PBXBuildFile; fileRef = 7E8EEA9A1195EFF40073914C /* ReadMe.txt */; };
		7E8EEB0F119750B70073914C /* RootViewController.xib in Resources */ = {isa = PBXBuildFile; fileRef = 7E8EEB0B119750B70073914C /* RootViewController.xib */; };
		7EABE47C11D14FF80050EA1D /* Icon-Small.png in Resources */ = {isa = PBXBuildFile; fileRef = 7EABE47711D14FF80050EA1D /* Icon-Small.png */; };
		7EABE47D11D14FF80050EA1D /* Icon-Small@2x.png in Resources */ = {isa = PBXBuildFile; fileRef = 7EABE47811D14FF80050EA1D /* Icon-Small@2x.png */; };
		7EABE47E11D14FF80050EA1D /* Icon.png in Resources */ = {isa = PBXBuildFile; fileRef = 7EABE47911D14FF80050EA1D /* Icon.png */; };
		7EABE47F11D14FF80050EA1D /* Icon@2x.png in Resources */ = {isa = PBXBuildFile; fileRef = 7EABE47A11D14FF80050EA1D /* Icon@2x.png */; };
		7EABE4CB11D154BD0050EA1D /* Icon-72.png in Resources */ = {isa = PBXBuildFile; fileRef = 7EABE4CA11D154BD0050EA1D /* Icon-72.png */; };
		7EABE4D611D1553D0050EA1D /* Icon-Small-50.png in Resources */ = {isa = PBXBuildFile; fileRef = 7EABE4D511D1553D0050EA1D /* Icon-Small-50.png */; };
/* End PBXBuildFile section */

/* Begin PBXFileReference section */
		1D30AB110D05D00D00671497 /* Foundation.framework */ = {isa = PBXFileReference; lastKnownFileType = wrapper.framework; name = Foundation.framework; path = System/Library/Frameworks/Foundation.framework; sourceTree = SDKROOT; };
		1D6058910D05DD3D006BFB54 /* SimpleEKDemo.app */ = {isa = PBXFileReference; explicitFileType = wrapper.application; includeInIndex = 0; path = SimpleEKDemo.app; sourceTree = BUILT_PRODUCTS_DIR; };
		1DF5F4DF0D08C38300B7A737 /* UIKit.framework */ = {isa = PBXFileReference; lastKnownFileType = wrapper.framework; name = UIKit.framework; path = System/Library/Frameworks/UIKit.framework; sourceTree = SDKROOT; };
		2504A2741736A31E009D8C54 /* Bee_TabbarItemTmpl.h */ = {isa = PBXFileReference; fileEncoding = 4; lastKnownFileType = sourcecode.c.h; path = Bee_TabbarItemTmpl.h; sourceTree = "<group>"; };
		2504A2751736A31E009D8C54 /* Bee_TabbarItemTmpl.m */ = {isa = PBXFileReference; fileEncoding = 4; lastKnownFileType = sourcecode.c.objc; path = Bee_TabbarItemTmpl.m; sourceTree = "<group>"; };
		2504A2781736B01D009D8C54 /* Bee_TabbarItem1.h */ = {isa = PBXFileReference; fileEncoding = 4; lastKnownFileType = sourcecode.c.h; path = Bee_TabbarItem1.h; sourceTree = "<group>"; };
		2504A2791736B01D009D8C54 /* Bee_TabbarItem1.m */ = {isa = PBXFileReference; fileEncoding = 4; lastKnownFileType = sourcecode.c.objc; path = Bee_TabbarItem1.m; sourceTree = "<group>"; };
		25327ED8162EFDA4001543A5 /* config.json */ = {isa = PBXFileReference; fileEncoding = 4; lastKnownFileType = text.json; path = config.json; sourceTree = "<group>"; };
		25327EDC162F0100001543A5 /* en */ = {isa = PBXFileReference; lastKnownFileType = file.xib; name = en; path = en.lproj/MainWindow.xib; sourceTree = "<group>"; };
		25D0F2B8183FB97600BD933E /* MyTab2ViewController.h */ = {isa = PBXFileReference; fileEncoding = 4; lastKnownFileType = sourcecode.c.h; path = MyTab2ViewController.h; sourceTree = "<group>"; };
		25D0F2B9183FB97600BD933E /* MyTab2ViewController.m */ = {isa = PBXFileReference; fileEncoding = 4; lastKnownFileType = sourcecode.c.objc; path = MyTab2ViewController.m; sourceTree = "<group>"; };
		2892E40F0DC94CBA00A64D0F /* CoreGraphics.framework */ = {isa = PBXFileReference; lastKnownFileType = wrapper.framework; name = CoreGraphics.framework; path = System/Library/Frameworks/CoreGraphics.framework; sourceTree = SDKROOT; };
		28A0AAE50D9B0CCF005BE974 /* SimpleEKDemo_Prefix.pch */ = {isa = PBXFileReference; fileEncoding = 4; lastKnownFileType = sourcecode.c.h; path = SimpleEKDemo_Prefix.pch; sourceTree = "<group>"; };
		28C286DF0D94DF7D0034E888 /* RootViewController.h */ = {isa = PBXFileReference; fileEncoding = 4; lastKnownFileType = sourcecode.c.h; path = RootViewController.h; sourceTree = "<group>"; };
		28C286E00D94DF7D0034E888 /* RootViewController.m */ = {isa = PBXFileReference; fileEncoding = 4; lastKnownFileType = sourcecode.c.objc; path = RootViewController.m; sourceTree = "<group>"; };
		29B97316FDCFA39411CA2CEA /* main.m */ = {isa = PBXFileReference; fileEncoding = 4; lastKnownFileType = sourcecode.c.objc; path = main.m; sourceTree = "<group>"; };
		5D10605B173261AA009A4C7B /* JSONKit.h */ = {isa = PBXFileReference; fileEncoding = 4; lastKnownFileType = sourcecode.c.h; path = JSONKit.h; sourceTree = "<group>"; };
		5D10605C173261AA009A4C7B /* JSONKit.m */ = {isa = PBXFileReference; fileEncoding = 4; lastKnownFileType = sourcecode.c.objc; path = JSONKit.m; sourceTree = "<group>"; };
		5D10605E173350C2009A4C7B /* xiangqu.bundle */ = {isa = PBXFileReference; lastKnownFileType = "wrapper.plug-in"; path = xiangqu.bundle; sourceTree = "<group>"; };
		5D10606017339371009A4C7B /* README.md */ = {isa = PBXFileReference; fileEncoding = 4; lastKnownFileType = text; path = README.md; sourceTree = "<group>"; };
		5D47FAA21737A00000A4EB45 /* finiance1.bundle */ = {isa = PBXFileReference; lastKnownFileType = "wrapper.plug-in"; path = finiance1.bundle; sourceTree = SOURCE_ROOT; };
		5D492D7B162E539900EB6CE8 /* CustomTabBar.bundle */ = {isa = PBXFileReference; lastKnownFileType = "wrapper.plug-in"; path = CustomTabBar.bundle; sourceTree = "<group>"; };
		5D492D7F162E539900EB6CE8 /* CustomTabBarViewController.h */ = {isa = PBXFileReference; fileEncoding = 4; lastKnownFileType = sourcecode.c.h; path = CustomTabBarViewController.h; sourceTree = "<group>"; };
		5D492D80162E539900EB6CE8 /* CustomTabBarViewController.m */ = {isa = PBXFileReference; fileEncoding = 4; lastKnownFileType = sourcecode.c.objc; path = CustomTabBarViewController.m; sourceTree = "<group>"; };
		5D492DA7162E5A9800EB6CE8 /* sssViewController.h */ = {isa = PBXFileReference; fileEncoding = 4; lastKnownFileType = sourcecode.c.h; path = sssViewController.h; sourceTree = "<group>"; };
		5D492DA8162E5A9800EB6CE8 /* sssViewController.m */ = {isa = PBXFileReference; fileEncoding = 4; lastKnownFileType = sourcecode.c.objc; path = sssViewController.m; sourceTree = "<group>"; };
		5D492DA9162E5A9800EB6CE8 /* sssViewController.xib */ = {isa = PBXFileReference; fileEncoding = 4; lastKnownFileType = file.xib; path = sssViewController.xib; sourceTree = "<group>"; };
		5D492DAC162E5E9500EB6CE8 /* CustomerTab.h */ = {isa = PBXFileReference; lastKnownFileType = sourcecode.c.h; path = CustomerTab.h; sourceTree = "<group>"; };
		5D492DAD162E856800EB6CE8 /* Default-568h@2x.png */ = {isa = PBXFileReference; lastKnownFileType = image.png; path = "Default-568h@2x.png"; sourceTree = "<group>"; };
		7E19D41211D189F4000002E9 /* iTunesArtwork */ = {isa = PBXFileReference; lastKnownFileType = file; name = iTunesArtwork; path = Images/iTunesArtwork; sourceTree = "<group>"; };
		7E4A142911ADA0AA004BA0B1 /* EventKit.framework */ = {isa = PBXFileReference; lastKnownFileType = wrapper.framework; name = EventKit.framework; path = System/Library/Frameworks/EventKit.framework; sourceTree = SDKROOT; };
		7E4A142B11ADA0B1004BA0B1 /* EventKitUI.framework */ = {isa = PBXFileReference; lastKnownFileType = wrapper.framework; name = EventKitUI.framework; path = System/Library/Frameworks/EventKitUI.framework; sourceTree = SDKROOT; };
		7E8EE7E21194B0D70073914C /* SimpleEKDemoAppDelegate.m */ = {isa = PBXFileReference; fileEncoding = 4; lastKnownFileType = sourcecode.c.objc; name = SimpleEKDemoAppDelegate.m; path = Classes/SimpleEKDemoAppDelegate.m; sourceTree = SOURCE_ROOT; };
		7E8EE7E31194B0D70073914C /* SimpleEKDemoAppDelegate.h */ = {isa = PBXFileReference; fileEncoding = 4; lastKnownFileType = sourcecode.c.h; name = SimpleEKDemoAppDelegate.h; path = Classes/SimpleEKDemoAppDelegate.h; sourceTree = SOURCE_ROOT; };
		7E8EEA9A1195EFF40073914C /* ReadMe.txt */ = {isa = PBXFileReference; fileEncoding = 4; lastKnownFileType = text; path = ReadMe.txt; sourceTree = SOURCE_ROOT; };
		7E8EEB0C119750B70073914C /* en */ = {isa = PBXFileReference; lastKnownFileType = file.xib; name = en; path = en.lproj/RootViewController.xib; sourceTree = "<group>"; };
		7EABE47711D14FF80050EA1D /* Icon-Small.png */ = {isa = PBXFileReference; lastKnownFileType = image.png; name = "Icon-Small.png"; path = "Images/Icon-Small.png"; sourceTree = "<group>"; };
		7EABE47811D14FF80050EA1D /* Icon-Small@2x.png */ = {isa = PBXFileReference; lastKnownFileType = image.png; name = "Icon-Small@2x.png"; path = "Images/Icon-Small@2x.png"; sourceTree = "<group>"; };
		7EABE47911D14FF80050EA1D /* Icon.png */ = {isa = PBXFileReference; lastKnownFileType = image.png; name = Icon.png; path = Images/Icon.png; sourceTree = "<group>"; };
		7EABE47A11D14FF80050EA1D /* Icon@2x.png */ = {isa = PBXFileReference; lastKnownFileType = image.png; name = "Icon@2x.png"; path = "Images/Icon@2x.png"; sourceTree = "<group>"; };
		7EABE4CA11D154BD0050EA1D /* Icon-72.png */ = {isa = PBXFileReference; lastKnownFileType = image.png; name = "Icon-72.png"; path = "Images/Icon-72.png"; sourceTree = "<group>"; };
		7EABE4D511D1553D0050EA1D /* Icon-Small-50.png */ = {isa = PBXFileReference; lastKnownFileType = image.png; name = "Icon-Small-50.png"; path = "Images/Icon-Small-50.png"; sourceTree = "<group>"; };
		8D1107310486CEB800E47090 /* SimpleEKDemo-Info.plist */ = {isa = PBXFileReference; fileEncoding = 4; lastKnownFileType = text.plist.xml; path = "SimpleEKDemo-Info.plist"; plistStructureDefinitionIdentifier = "com.apple.xcode.plist.structure-definition.iphone.info-plist"; sourceTree = "<group>"; };
/* End PBXFileReference section */

/* Begin PBXFrameworksBuildPhase section */
		1D60588F0D05DD3D006BFB54 /* Frameworks */ = {
			isa = PBXFrameworksBuildPhase;
			buildActionMask = 2147483647;
			files = (
				1D60589F0D05DD5A006BFB54 /* Foundation.framework in Frameworks */,
				1DF5F4E00D08C38300B7A737 /* UIKit.framework in Frameworks */,
				2892E4100DC94CBA00A64D0F /* CoreGraphics.framework in Frameworks */,
				7E4A142A11ADA0AA004BA0B1 /* EventKit.framework in Frameworks */,
				7E4A142C11ADA0B1004BA0B1 /* EventKitUI.framework in Frameworks */,
			);
			runOnlyForDeploymentPostprocessing = 0;
		};
/* End PBXFrameworksBuildPhase section */

/* Begin PBXGroup section */
		080E96DDFE201D6D7F000001 /* Classes */ = {
			isa = PBXGroup;
			children = (
				5D492DA6162E5A7F00EB6CE8 /* t */,
				5D492D7A162E539900EB6CE8 /* tab */,
				7E8EE7E31194B0D70073914C /* SimpleEKDemoAppDelegate.h */,
				7E8EE7E21194B0D70073914C /* SimpleEKDemoAppDelegate.m */,
				28C286DF0D94DF7D0034E888 /* RootViewController.h */,
				28C286E00D94DF7D0034E888 /* RootViewController.m */,
				25D0F2B8183FB97600BD933E /* MyTab2ViewController.h */,
				25D0F2B9183FB97600BD933E /* MyTab2ViewController.m */,
			);
			path = Classes;
			sourceTree = "<group>";
		};
		19C28FACFE9D520D11CA2CBB /* Products */ = {
			isa = PBXGroup;
			children = (
				1D6058910D05DD3D006BFB54 /* SimpleEKDemo.app */,
			);
			name = Products;
			sourceTree = "<group>";
		};
		29B97314FDCFA39411CA2CEA /* CustomTemplate */ = {
			isa = PBXGroup;
			children = (
				5D10606017339371009A4C7B /* README.md */,
				5D10605A173261AA009A4C7B /* JSONKit */,
				7E8EEA9A1195EFF40073914C /* ReadMe.txt */,
				080E96DDFE201D6D7F000001 /* Classes */,
				29B97315FDCFA39411CA2CEA /* Other Sources */,
				29B97317FDCFA39411CA2CEA /* Resources */,
				29B97323FDCFA39411CA2CEA /* Frameworks */,
				19C28FACFE9D520D11CA2CBB /* Products */,
			);
			name = CustomTemplate;
			sourceTree = "<group>";
		};
		29B97315FDCFA39411CA2CEA /* Other Sources */ = {
			isa = PBXGroup;
			children = (
				5D492DAD162E856800EB6CE8 /* Default-568h@2x.png */,
				28A0AAE50D9B0CCF005BE974 /* SimpleEKDemo_Prefix.pch */,
				29B97316FDCFA39411CA2CEA /* main.m */,
			);
			name = "Other Sources";
			sourceTree = "<group>";
		};
		29B97317FDCFA39411CA2CEA /* Resources */ = {
			isa = PBXGroup;
			children = (
				25327EDB162F0100001543A5 /* MainWindow.xib */,
				7E8EEB0B119750B70073914C /* RootViewController.xib */,
				7E8EEABD1195F60F0073914C /* Images */,
				8D1107310486CEB800E47090 /* SimpleEKDemo-Info.plist */,
			);
			name = Resources;
			sourceTree = "<group>";
		};
		29B97323FDCFA39411CA2CEA /* Frameworks */ = {
			isa = PBXGroup;
			children = (
				7E4A142B11ADA0B1004BA0B1 /* EventKitUI.framework */,
				7E4A142911ADA0AA004BA0B1 /* EventKit.framework */,
				1DF5F4DF0D08C38300B7A737 /* UIKit.framework */,
				1D30AB110D05D00D00671497 /* Foundation.framework */,
				2892E40F0DC94CBA00A64D0F /* CoreGraphics.framework */,
			);
			name = Frameworks;
			sourceTree = "<group>";
		};
		5D10605A173261AA009A4C7B /* JSONKit */ = {
			isa = PBXGroup;
			children = (
				5D10605B173261AA009A4C7B /* JSONKit.h */,
				5D10605C173261AA009A4C7B /* JSONKit.m */,
			);
			name = JSONKit;
			path = Classes/tab/JSONKit;
			sourceTree = "<group>";
		};
		5D492D7A162E539900EB6CE8 /* tab */ = {
			isa = PBXGroup;
			children = (
				5D47FAA21737A00000A4EB45 /* finiance1.bundle */,
				5D10605E173350C2009A4C7B /* xiangqu.bundle */,
				5D492D7B162E539900EB6CE8 /* CustomTabBar.bundle */,
				5D492D7F162E539900EB6CE8 /* CustomTabBarViewController.h */,
				5D492D80162E539900EB6CE8 /* CustomTabBarViewController.m */,
				5D492DAC162E5E9500EB6CE8 /* CustomerTab.h */,
				25327ED8162EFDA4001543A5 /* config.json */,
				2504A2741736A31E009D8C54 /* Bee_TabbarItemTmpl.h */,
				2504A2751736A31E009D8C54 /* Bee_TabbarItemTmpl.m */,
				2504A2781736B01D009D8C54 /* Bee_TabbarItem1.h */,
				2504A2791736B01D009D8C54 /* Bee_TabbarItem1.m */,
			);
			path = tab;
			sourceTree = "<group>";
		};
		5D492DA6162E5A7F00EB6CE8 /* t */ = {
			isa = PBXGroup;
			children = (
				5D492DA7162E5A9800EB6CE8 /* sssViewController.h */,
				5D492DA8162E5A9800EB6CE8 /* sssViewController.m */,
				5D492DA9162E5A9800EB6CE8 /* sssViewController.xib */,
			);
			name = t;
			sourceTree = "<group>";
		};
		7E8EEABD1195F60F0073914C /* Images */ = {
			isa = PBXGroup;
			children = (
				7E19D41211D189F4000002E9 /* iTunesArtwork */,
				7EABE4D511D1553D0050EA1D /* Icon-Small-50.png */,
				7EABE4CA11D154BD0050EA1D /* Icon-72.png */,
				7EABE47711D14FF80050EA1D /* Icon-Small.png */,
				7EABE47811D14FF80050EA1D /* Icon-Small@2x.png */,
				7EABE47911D14FF80050EA1D /* Icon.png */,
				7EABE47A11D14FF80050EA1D /* Icon@2x.png */,
			);
			name = Images;
			sourceTree = "<group>";
		};
/* End PBXGroup section */

/* Begin PBXNativeTarget section */
		1D6058900D05DD3D006BFB54 /* SimpleEKDemo */ = {
			isa = PBXNativeTarget;
			buildConfigurationList = 1D6058960D05DD3E006BFB54 /* Build configuration list for PBXNativeTarget "SimpleEKDemo" */;
			buildPhases = (
				1D60588D0D05DD3D006BFB54 /* Resources */,
				1D60588E0D05DD3D006BFB54 /* Sources */,
				1D60588F0D05DD3D006BFB54 /* Frameworks */,
			);
			buildRules = (
			);
			dependencies = (
			);
			name = SimpleEKDemo;
			productName = SimpleEKDemo;
			productReference = 1D6058910D05DD3D006BFB54 /* SimpleEKDemo.app */;
			productType = "com.apple.product-type.application";
		};
/* End PBXNativeTarget section */

/* Begin PBXProject section */
		29B97313FDCFA39411CA2CEA /* Project object */ = {
			isa = PBXProject;
			attributes = {
			};
			buildConfigurationList = C01FCF4E08A954540054247B /* Build configuration list for PBXProject "SimpleEKDemo" */;
			compatibilityVersion = "Xcode 3.1";
			developmentRegion = English;
			hasScannedForEncodings = 1;
			knownRegions = (
				English,
				Japanese,
				French,
				German,
				en,
			);
			mainGroup = 29B97314FDCFA39411CA2CEA /* CustomTemplate */;
			projectDirPath = "";
			projectRoot = "";
			targets = (
				1D6058900D05DD3D006BFB54 /* SimpleEKDemo */,
			);
		};
/* End PBXProject section */

/* Begin PBXResourcesBuildPhase section */
		1D60588D0D05DD3D006BFB54 /* Resources */ = {
			isa = PBXResourcesBuildPhase;
			buildActionMask = 2147483647;
			files = (
				7E8EEA9B1195EFF40073914C /* ReadMe.txt in Resources */,
				7E8EEB0F119750B70073914C /* RootViewController.xib in Resources */,
				7EABE47C11D14FF80050EA1D /* Icon-Small.png in Resources */,
				7EABE47D11D14FF80050EA1D /* Icon-Small@2x.png in Resources */,
				7EABE47E11D14FF80050EA1D /* Icon.png in Resources */,
				7EABE47F11D14FF80050EA1D /* Icon@2x.png in Resources */,
				7EABE4CB11D154BD0050EA1D /* Icon-72.png in Resources */,
				7EABE4D611D1553D0050EA1D /* Icon-Small-50.png in Resources */,
				7E19D41311D189F4000002E9 /* iTunesArtwork in Resources */,
				5D492D81162E539900EB6CE8 /* CustomTabBar.bundle in Resources */,
				5D492DAB162E5A9800EB6CE8 /* sssViewController.xib in Resources */,
				5D492DAE162E856800EB6CE8 /* Default-568h@2x.png in Resources */,
				25327ED9162EFDA4001543A5 /* config.json in Resources */,
				25327EDD162F0100001543A5 /* MainWindow.xib in Resources */,
				5D10605F173350C2009A4C7B /* xiangqu.bundle in Resources */,
				5D10606117339371009A4C7B /* README.md in Resources */,
				5D47FAA31737A00100A4EB45 /* finiance1.bundle in Resources */,
			);
			runOnlyForDeploymentPostprocessing = 0;
		};
/* End PBXResourcesBuildPhase section */

/* Begin PBXSourcesBuildPhase section */
		1D60588E0D05DD3D006BFB54 /* Sources */ = {
			isa = PBXSourcesBuildPhase;
			buildActionMask = 2147483647;
			files = (
				1D60589B0D05DD56006BFB54 /* main.m in Sources */,
				25D0F2BA183FB97600BD933E /* MyTab2ViewController.m in Sources */,
				28C286E10D94DF7D0034E888 /* RootViewController.m in Sources */,
				7E8EE7E41194B0D70073914C /* SimpleEKDemoAppDelegate.m in Sources */,
				5D492D84162E539900EB6CE8 /* CustomTabBarViewController.m in Sources */,
				5D492DAA162E5A9800EB6CE8 /* sssViewController.m in Sources */,
				5D10605D173261AA009A4C7B /* JSONKit.m in Sources */,
				2504A2761736A31E009D8C54 /* Bee_TabbarItemTmpl.m in Sources */,
				2504A27A1736B01D009D8C54 /* Bee_TabbarItem1.m in Sources */,
			);
			runOnlyForDeploymentPostprocessing = 0;
		};
/* End PBXSourcesBuildPhase section */

/* Begin PBXVariantGroup section */
		25327EDB162F0100001543A5 /* MainWindow.xib */ = {
			isa = PBXVariantGroup;
			children = (
				25327EDC162F0100001543A5 /* en */,
			);
			name = MainWindow.xib;
			sourceTree = "<group>";
		};
		7E8EEB0B119750B70073914C /* RootViewController.xib */ = {
			isa = PBXVariantGroup;
			children = (
				7E8EEB0C119750B70073914C /* en */,
			);
			name = RootViewController.xib;
			sourceTree = SOURCE_ROOT;
		};
/* End PBXVariantGroup section */

/* Begin XCBuildConfiguration section */
		1D6058940D05DD3E006BFB54 /* Debug */ = {
			isa = XCBuildConfiguration;
			buildSettings = {
				ALWAYS_SEARCH_USER_PATHS = NO;
				CLANG_ENABLE_OBJC_ARC = YES;
				CLANG_WARN_OBJC_EXPLICIT_OWNERSHIP_TYPE = YES;
				CODE_SIGN_IDENTITY = "iPhone Developer: Yang Li (ZJDM452LRX)";
				COPY_PHASE_STRIP = NO;
				GCC_DYNAMIC_NO_PIC = NO;
				GCC_OPTIMIZATION_LEVEL = 0;
				GCC_PRECOMPILE_PREFIX_HEADER = YES;
				GCC_PREFIX_HEADER = SimpleEKDemo_Prefix.pch;
				INFOPLIST_FILE = "SimpleEKDemo-Info.plist";
				PRODUCT_NAME = SimpleEKDemo;
				PROVISIONING_PROFILE = "808744F9-424C-420F-AB93-C3335609A191";
			};
			name = Debug;
		};
		1D6058950D05DD3E006BFB54 /* Release */ = {
			isa = XCBuildConfiguration;
			buildSettings = {
				ALWAYS_SEARCH_USER_PATHS = NO;
				CLANG_ENABLE_OBJC_ARC = YES;
				CLANG_WARN_OBJC_EXPLICIT_OWNERSHIP_TYPE = YES;
				CODE_SIGN_IDENTITY = "iPhone Developer: Yang Li (ZJDM452LRX)";
				COPY_PHASE_STRIP = YES;
				GCC_PRECOMPILE_PREFIX_HEADER = YES;
				GCC_PREFIX_HEADER = SimpleEKDemo_Prefix.pch;
				INFOPLIST_FILE = "SimpleEKDemo-Info.plist";
				PRODUCT_NAME = SimpleEKDemo;
				PROVISIONING_PROFILE = "808744F9-424C-420F-AB93-C3335609A191";
				VALIDATE_PRODUCT = YES;
			};
			name = Release;
		};
		C01FCF4F08A954540054247B /* Debug */ = {
			isa = XCBuildConfiguration;
			buildSettings = {
				ARCHS = "$(ARCHS_STANDARD_32_BIT)";
				"CODE_SIGN_IDENTITY[sdk=iphoneos*]" = "iPhone Developer";
				GCC_C_LANGUAGE_STANDARD = c99;
				GCC_WARN_ABOUT_RETURN_TYPE = YES;
				GCC_WARN_UNUSED_VARIABLE = YES;
				PREBINDING = NO;
				SDKROOT = iphoneos4.0;
			};
			name = Debug;
		};
		C01FCF5008A954540054247B /* Release */ = {
			isa = XCBuildConfiguration;
			buildSettings = {
				ARCHS = "$(ARCHS_STANDARD_32_BIT)";
				"CODE_SIGN_IDENTITY[sdk=iphoneos*]" = "iPhone Developer";
				GCC_C_LANGUAGE_STANDARD = c99;
				GCC_WARN_ABOUT_RETURN_TYPE = YES;
				GCC_WARN_UNUSED_VARIABLE = YES;
				OTHER_CFLAGS = "-DNS_BLOCK_ASSERTIONS=1";
				PREBINDING = NO;
				SDKROOT = iphoneos4.0;
			};
			name = Release;
		};
/* End XCBuildConfiguration section */

/* Begin XCConfigurationList section */
		1D6058960D05DD3E006BFB54 /* Build configuration list for PBXNativeTarget "SimpleEKDemo" */ = {
			isa = XCConfigurationList;
			buildConfigurations = (
				1D6058940D05DD3E006BFB54 /* Debug */,
				1D6058950D05DD3E006BFB54 /* Release */,
			);
			defaultConfigurationIsVisible = 0;
			defaultConfigurationName = Release;
		};
		C01FCF4E08A954540054247B /* Build configuration list for PBXProject "SimpleEKDemo" */ = {
			isa = XCConfigurationList;
			buildConfigurations = (
				C01FCF4F08A954540054247B /* Debug */,
				C01FCF5008A954540054247B /* Release */,
			);
			defaultConfigurationIsVisible = 0;
			defaultConfigurationName = Release;
		};
/* End XCConfigurationList section */
	};
	rootObject = 29B97313FDCFA39411CA2CEA /* Project object */;
}
